
Microsoft Visual Studio Solution File, Format Version 12.00
# Visual Studio Version 17
VisualStudioVersion = 17.6.33829.357
MinimumVisualStudioVersion = 10.0.40219.1
Project("{FAE04EC0-301F-11D3-BF4B-00C04F79EFBC}") = "WhileLoop", "WhileLoop\WhileLoop.csproj", "{62C26AC3-4EE1-4FF0-A0E1-C79FE0387641}"
EndProject
Global
	GlobalSection(SolutionConfigurationPlatforms) = preSolution
		Debug|Any CPU = Debug|Any CPU
		Release|Any CPU = Release|Any CPU
	EndGlobalSection
	GlobalSection(ProjectConfigurationPlatforms) = postSolution
		{62C26AC3-4EE1-4FF0-A0E1-C79FE0387641}.Debug|Any CPU.ActiveCfg = Debug|Any CPU
		{62C26AC3-4EE1-4FF0-A0E1-C79FE0387641}.Debug|Any CPU.Build.0 = Debug|Any CPU
		{62C26AC3-4EE1-4FF0-A0E1-C79FE0387641}.Release|Any CPU.ActiveCfg = Release|Any CPU
		{62C26AC3-4EE1-4FF0-A0E1-C79FE0387641}.Release|Any CPU.Build.0 = Release|Any CPU
	EndGlobalSection
	GlobalSection(SolutionProperties) = preSolution
		HideSolutionNode = FALSE
	EndGlobalSection
	GlobalSection(ExtensibilityGlobals) = postSolution
		SolutionGuid = {6816875F-50C5-4050-821A-64E962C40309}
	EndGlobalSection
EndGlobal
